
Microsoft Visual Studio Solution File, Format Version 12.00
# Visual Studio 14
VisualStudioVersion = 14.0.22310.1
MinimumVisualStudioVersion = 10.0.40219.1
Project("{FAE04EC0-301F-11D3-BF4B-00C04F79EFBC}") = "Surrounding", "surrounding\Surrounding.csproj", "{BFD7BE5F-BE40-433B-9057-AEBC5BEE568F}"
EndProject
Project("{FAE04EC0-301F-11D3-BF4B-00C04F79EFBC}") = "Item", "Item\Item.csproj", "{6CAB49AE-5A9D-4759-93FE-20AA01240F10}"
EndProject
Global
	GlobalSection(SolutionConfigurationPlatforms) = preSolution
		Debug|Any CPU = Debug|Any CPU
		Release|Any CPU = Release|Any CPU
	EndGlobalSection
	GlobalSection(ProjectConfigurationPlatforms) = postSolution
		{BFD7BE5F-BE40-433B-9057-AEBC5BEE568F}.Debug|Any CPU.ActiveCfg = Debug|Any CPU
		{BFD7BE5F-BE40-433B-9057-AEBC5BEE568F}.Debug|Any CPU.Build.0 = Debug|Any CPU
		{BFD7BE5F-BE40-433B-9057-AEBC5BEE568F}.Release|Any CPU.ActiveCfg = Release|Any CPU
		{BFD7BE5F-BE40-433B-9057-AEBC5BEE568F}.Release|Any CPU.Build.0 = Release|Any CPU
		{6CAB49AE-5A9D-4759-93FE-20AA01240F10}.Debug|Any CPU.ActiveCfg = Debug|Any CPU
		{6CAB49AE-5A9D-4759-93FE-20AA01240F10}.Debug|Any CPU.Build.0 = Debug|Any CPU
		{6CAB49AE-5A9D-4759-93FE-20AA01240F10}.Release|Any CPU.ActiveCfg = Release|Any CPU
		{6CAB49AE-5A9D-4759-93FE-20AA01240F10}.Release|Any CPU.Build.0 = Release|Any CPU
	EndGlobalSection
	GlobalSection(SolutionProperties) = preSolution
		HideSolutionNode = FALSE
	EndGlobalSection
EndGlobal
